// !$*UTF8*$!
{
	archiveVersion = 1;
	classes = {
	};
	objectVersion = 50;
	objects = {

/* Begin PBXBuildFile section */
		C9C208A506C075B4ECEFB0D3 /* Pods_Atomic_Habits_Running.framework in Frameworks */ = {isa = PBXBuildFile; fileRef = 3F68D9C91F2413FD6FAE90E3 /* Pods_Atomic_Habits_Running.framework */; };
		EA055B99227C70FA008008E7 /* ViewController.swift in Sources */ = {isa = PBXBuildFile; fileRef = EA055B98227C70FA008008E7 /* ViewController.swift */; };
		EA16529E22774219004AC75E /* SWRevealViewController.m in Sources */ = {isa = PBXBuildFile; fileRef = EA16529C22774219004AC75E /* SWRevealViewController.m */; };
		EA1652A02277517B004AC75E /* CalendarStoryboard.storyboard in Resources */ = {isa = PBXBuildFile; fileRef = EA16529F2277517B004AC75E /* CalendarStoryboard.storyboard */; };
		EA1652A222775193004AC75E /* DashboardStoryboard.storyboard in Resources */ = {isa = PBXBuildFile; fileRef = EA1652A122775193004AC75E /* DashboardStoryboard.storyboard */; };
		EA1652A4227751C8004AC75E /* OverviewStoryboard.storyboard in Resources */ = {isa = PBXBuildFile; fileRef = EA1652A3227751C7004AC75E /* OverviewStoryboard.storyboard */; };
		EA575B4B226B0D5F00889814 /* AppDelegate.swift in Sources */ = {isa = PBXBuildFile; fileRef = EA575B4A226B0D5F00889814 /* AppDelegate.swift */; };
		EA575B50226B0D5F00889814 /* Main.storyboard in Resources */ = {isa = PBXBuildFile; fileRef = EA575B4E226B0D5F00889814 /* Main.storyboard */; };
		EA575B53226B0D5F00889814 /* Atomic_Habits_Running.xcdatamodeld in Sources */ = {isa = PBXBuildFile; fileRef = EA575B51226B0D5F00889814 /* Atomic_Habits_Running.xcdatamodeld */; };
		EA575B55226B0D6100889814 /* Assets.xcassets in Resources */ = {isa = PBXBuildFile; fileRef = EA575B54226B0D6100889814 /* Assets.xcassets */; };
		EA575B58226B0D6100889814 /* LaunchScreen.storyboard in Resources */ = {isa = PBXBuildFile; fileRef = EA575B56226B0D6100889814 /* LaunchScreen.storyboard */; };
/* End PBXBuildFile section */

/* Begin PBXFileReference section */
		3B538EE5414505D6E776E420 /* Pods-Atomic Habits Running.debug.xcconfig */ = {isa = PBXFileReference; includeInIndex = 1; lastKnownFileType = text.xcconfig; name = "Pods-Atomic Habits Running.debug.xcconfig"; path = "Target Support Files/Pods-Atomic Habits Running/Pods-Atomic Habits Running.debug.xcconfig"; sourceTree = "<group>"; };
		3F68D9C91F2413FD6FAE90E3 /* Pods_Atomic_Habits_Running.framework */ = {isa = PBXFileReference; explicitFileType = wrapper.framework; includeInIndex = 0; path = Pods_Atomic_Habits_Running.framework; sourceTree = BUILT_PRODUCTS_DIR; };
		C78695FD0D6ACF6E5FBECF5F /* Pods-Atomic Habits Running.release.xcconfig */ = {isa = PBXFileReference; includeInIndex = 1; lastKnownFileType = text.xcconfig; name = "Pods-Atomic Habits Running.release.xcconfig"; path = "Target Support Files/Pods-Atomic Habits Running/Pods-Atomic Habits Running.release.xcconfig"; sourceTree = "<group>"; };
		EA055B98227C70FA008008E7 /* ViewController.swift */ = {isa = PBXFileReference; lastKnownFileType = sourcecode.swift; path = ViewController.swift; sourceTree = "<group>"; };
		EA16529B22774218004AC75E /* Atomic Habits Running-Bridging-Header.h */ = {isa = PBXFileReference; lastKnownFileType = sourcecode.c.h; path = "Atomic Habits Running-Bridging-Header.h"; sourceTree = "<group>"; };
		EA16529C22774219004AC75E /* SWRevealViewController.m */ = {isa = PBXFileReference; fileEncoding = 4; lastKnownFileType = sourcecode.c.objc; path = SWRevealViewController.m; sourceTree = "<group>"; };
		EA16529D22774219004AC75E /* SWRevealViewController.h */ = {isa = PBXFileReference; fileEncoding = 4; lastKnownFileType = sourcecode.c.h; path = SWRevealViewController.h; sourceTree = "<group>"; };
		EA16529F2277517B004AC75E /* CalendarStoryboard.storyboard */ = {isa = PBXFileReference; lastKnownFileType = file.storyboard; path = CalendarStoryboard.storyboard; sourceTree = "<group>"; };
		EA1652A122775193004AC75E /* DashboardStoryboard.storyboard */ = {isa = PBXFileReference; lastKnownFileType = file.storyboard; path = DashboardStoryboard.storyboard; sourceTree = "<group>"; };
		EA1652A3227751C7004AC75E /* OverviewStoryboard.storyboard */ = {isa = PBXFileReference; lastKnownFileType = file.storyboard; path = OverviewStoryboard.storyboard; sourceTree = "<group>"; };
		EA575B47226B0D5F00889814 /* Atomic Habits Running.app */ = {isa = PBXFileReference; explicitFileType = wrapper.application; includeInIndex = 0; path = "Atomic Habits Running.app"; sourceTree = BUILT_PRODUCTS_DIR; };
		EA575B4A226B0D5F00889814 /* AppDelegate.swift */ = {isa = PBXFileReference; lastKnownFileType = sourcecode.swift; path = AppDelegate.swift; sourceTree = "<group>"; };
		EA575B4F226B0D5F00889814 /* Base */ = {isa = PBXFileReference; lastKnownFileType = file.storyboard; name = Base; path = Base.lproj/Main.storyboard; sourceTree = "<group>"; };
		EA575B52226B0D5F00889814 /* Atomic_Habits_Running.xcdatamodel */ = {isa = PBXFileReference; lastKnownFileType = wrapper.xcdatamodel; path = Atomic_Habits_Running.xcdatamodel; sourceTree = "<group>"; };
		EA575B54226B0D6100889814 /* Assets.xcassets */ = {isa = PBXFileReference; lastKnownFileType = folder.assetcatalog; path = Assets.xcassets; sourceTree = "<group>"; };
		EA575B57226B0D6100889814 /* Base */ = {isa = PBXFileReference; lastKnownFileType = file.storyboard; name = Base; path = Base.lproj/LaunchScreen.storyboard; sourceTree = "<group>"; };
		EAB702972271E21B005561D2 /* Info.plist */ = {isa = PBXFileReference; fileEncoding = 4; lastKnownFileType = text.plist.xml; name = Info.plist; path = "Atomic Habits Running/Info.plist"; sourceTree = "<group>"; };
/* End PBXFileReference section */

/* Begin PBXFrameworksBuildPhase section */
		EA575B44226B0D5F00889814 /* Frameworks */ = {
			isa = PBXFrameworksBuildPhase;
			buildActionMask = 2147483647;
			files = (
				C9C208A506C075B4ECEFB0D3 /* Pods_Atomic_Habits_Running.framework in Frameworks */,
			);
			runOnlyForDeploymentPostprocessing = 0;
		};
/* End PBXFrameworksBuildPhase section */

/* Begin PBXGroup section */
		6B0E70A85B39E1045D7DA5CB /* Frameworks */ = {
			isa = PBXGroup;
			children = (
				3F68D9C91F2413FD6FAE90E3 /* Pods_Atomic_Habits_Running.framework */,
			);
			name = Frameworks;
			sourceTree = "<group>";
		};
		712A8F06392F103253C0003D /* Pods */ = {
			isa = PBXGroup;
			children = (
				3B538EE5414505D6E776E420 /* Pods-Atomic Habits Running.debug.xcconfig */,
				C78695FD0D6ACF6E5FBECF5F /* Pods-Atomic Habits Running.release.xcconfig */,
			);
			path = Pods;
			sourceTree = "<group>";
		};
		EA575B3E226B0D5F00889814 = {
			isa = PBXGroup;
			children = (
				EA575B49226B0D5F00889814 /* Atomic Habits Running */,
				EAB702972271E21B005561D2 /* Info.plist */,
				EA575B54226B0D6100889814 /* Assets.xcassets */,
				EA575B51226B0D5F00889814 /* Atomic_Habits_Running.xcdatamodeld */,
				EA575B56226B0D6100889814 /* LaunchScreen.storyboard */,
				EA575B48226B0D5F00889814 /* Products */,
				712A8F06392F103253C0003D /* Pods */,
				6B0E70A85B39E1045D7DA5CB /* Frameworks */,
			);
			sourceTree = "<group>";
		};
		EA575B48226B0D5F00889814 /* Products */ = {
			isa = PBXGroup;
			children = (
				EA575B47226B0D5F00889814 /* Atomic Habits Running.app */,
			);
			name = Products;
			sourceTree = "<group>";
		};
		EA575B49226B0D5F00889814 /* Atomic Habits Running */ = {
			isa = PBXGroup;
			children = (
				EAB7028E22708E82005561D2 /* Model */,
				EAB7028B22708E07005561D2 /* View */,
				EAB7028C22708E1A005561D2 /* Controller */,
				EAB7028D22708E5A005561D2 /* Supporting Files */,
			);
			path = "Atomic Habits Running";
			sourceTree = "<group>";
		};
		EAB7028B22708E07005561D2 /* View */ = {
			isa = PBXGroup;
			children = (
				EA575B4E226B0D5F00889814 /* Main.storyboard */,
				EA16529F2277517B004AC75E /* CalendarStoryboard.storyboard */,
				EA1652A122775193004AC75E /* DashboardStoryboard.storyboard */,
				EA1652A3227751C7004AC75E /* OverviewStoryboard.storyboard */,
			);
			path = View;
			sourceTree = "<group>";
		};
		EAB7028C22708E1A005561D2 /* Controller */ = {
			isa = PBXGroup;
			children = (
				EA575B4A226B0D5F00889814 /* AppDelegate.swift */,
				EA055B98227C70FA008008E7 /* ViewController.swift */,
				EA16529D22774219004AC75E /* SWRevealViewController.h */,
				EA16529C22774219004AC75E /* SWRevealViewController.m */,
				EA16529B22774218004AC75E /* Atomic Habits Running-Bridging-Header.h */,
			);
			path = Controller;
			sourceTree = "<group>";
		};
		EAB7028D22708E5A005561D2 /* Supporting Files */ = {
			isa = PBXGroup;
			children = (
			);
			path = "Supporting Files";
			sourceTree = "<group>";
		};
		EAB7028E22708E82005561D2 /* Model */ = {
			isa = PBXGroup;
			children = (
			);
			path = Model;
			sourceTree = "<group>";
		};
/* End PBXGroup section */

/* Begin PBXNativeTarget section */
		EA575B46226B0D5F00889814 /* Atomic Habits Running */ = {
			isa = PBXNativeTarget;
			buildConfigurationList = EA575B5C226B0D6100889814 /* Build configuration list for PBXNativeTarget "Atomic Habits Running" */;
			buildPhases = (
				E8F83A53E841FBEAB65DC801 /* [CP] Check Pods Manifest.lock */,
				EA575B43226B0D5F00889814 /* Sources */,
				EA575B44226B0D5F00889814 /* Frameworks */,
				EA575B45226B0D5F00889814 /* Resources */,
			);
			buildRules = (
			);
			dependencies = (
			);
			name = "Atomic Habits Running";
			productName = "Atomic Habits Running";
			productReference = EA575B47226B0D5F00889814 /* Atomic Habits Running.app */;
			productType = "com.apple.product-type.application";
		};
/* End PBXNativeTarget section */

/* Begin PBXProject section */
		EA575B3F226B0D5F00889814 /* Project object */ = {
			isa = PBXProject;
			attributes = {
				LastSwiftUpdateCheck = 1020;
				LastUpgradeCheck = 1020;
				ORGANIZATIONNAME = "Marek Justus";
				TargetAttributes = {
					EA575B46226B0D5F00889814 = {
						CreatedOnToolsVersion = 10.2.1;
						LastSwiftMigration = 1020;
					};
				};
			};
			buildConfigurationList = EA575B42226B0D5F00889814 /* Build configuration list for PBXProject "Atomic Habits Running" */;
			compatibilityVersion = "Xcode 9.3";
			developmentRegion = en;
			hasScannedForEncodings = 0;
			knownRegions = (
				en,
				Base,
			);
			mainGroup = EA575B3E226B0D5F00889814;
			productRefGroup = EA575B48226B0D5F00889814 /* Products */;
			projectDirPath = "";
			projectRoot = "";
			targets = (
				EA575B46226B0D5F00889814 /* Atomic Habits Running */,
			);
		};
/* End PBXProject section */

/* Begin PBXResourcesBuildPhase section */
		EA575B45226B0D5F00889814 /* Resources */ = {
			isa = PBXResourcesBuildPhase;
			buildActionMask = 2147483647;
			files = (
				EA1652A222775193004AC75E /* DashboardStoryboard.storyboard in Resources */,
				EA575B58226B0D6100889814 /* LaunchScreen.storyboard in Resources */,
				EA1652A4227751C8004AC75E /* OverviewStoryboard.storyboard in Resources */,
				EA575B55226B0D6100889814 /* Assets.xcassets in Resources */,
				EA575B50226B0D5F00889814 /* Main.storyboard in Resources */,
				EA1652A02277517B004AC75E /* CalendarStoryboard.storyboard in Resources */,
			);
			runOnlyForDeploymentPostprocessing = 0;
		};
/* End PBXResourcesBuildPhase section */

/* Begin PBXShellScriptBuildPhase section */
		E8F83A53E841FBEAB65DC801 /* [CP] Check Pods Manifest.lock */ = {
			isa = PBXShellScriptBuildPhase;
			buildActionMask = 2147483647;
			files = (
			);
			inputFileListPaths = (
			);
			inputPaths = (
				"${PODS_PODFILE_DIR_PATH}/Podfile.lock",
				"${PODS_ROOT}/Manifest.lock",
			);
			name = "[CP] Check Pods Manifest.lock";
			outputFileListPaths = (
			);
			outputPaths = (
				"$(DERIVED_FILE_DIR)/Pods-Atomic Habits Running-checkManifestLockResult.txt",
			);
			runOnlyForDeploymentPostprocessing = 0;
			shellPath = /bin/sh;
			shellScript = "diff \"${PODS_PODFILE_DIR_PATH}/Podfile.lock\" \"${PODS_ROOT}/Manifest.lock\" > /dev/null\nif [ $? != 0 ] ; then\n    # print error to STDERR\n    echo \"error: The sandbox is not in sync with the Podfile.lock. Run 'pod install' or update your CocoaPods installation.\" >&2\n    exit 1\nfi\n# This output is used by Xcode 'outputs' to avoid re-running this script phase.\necho \"SUCCESS\" > \"${SCRIPT_OUTPUT_FILE_0}\"\n";
			showEnvVarsInLog = 0;
		};
/* End PBXShellScriptBuildPhase section */

/* Begin PBXSourcesBuildPhase section */
		EA575B43226B0D5F00889814 /* Sources */ = {
			isa = PBXSourcesBuildPhase;
			buildActionMask = 2147483647;
			files = (
				EA575B53226B0D5F00889814 /* Atomic_Habits_Running.xcdatamodeld in Sources */,
				EA575B4B226B0D5F00889814 /* AppDelegate.swift in Sources */,
				EA055B99227C70FA008008E7 /* ViewController.swift in Sources */,
				EA16529E22774219004AC75E /* SWRevealViewController.m in Sources */,
			);
			runOnlyForDeploymentPostprocessing = 0;
		};
/* End PBXSourcesBuildPhase section */

/* Begin PBXVariantGroup section */
		EA575B4E226B0D5F00889814 /* Main.storyboard */ = {
			isa = PBXVariantGroup;
			children = (
				EA575B4F226B0D5F00889814 /* Base */,
			);
			name = Main.storyboard;
			sourceTree = "<group>";
		};
		EA575B56226B0D6100889814 /* LaunchScreen.storyboard */ = {
			isa = PBXVariantGroup;
			children = (
				EA575B57226B0D6100889814 /* Base */,
			);
			name = LaunchScreen.storyboard;
			sourceTree = "<group>";
		};
/* End PBXVariantGroup section */

/* Begin XCBuildConfiguration section */
		EA575B5A226B0D6100889814 /* Debug */ = {
			isa = XCBuildConfiguration;
			buildSettings = {
				ALWAYS_SEARCH_USER_PATHS = NO;
				CLANG_ANALYZER_NONNULL = YES;
				CLANG_ANALYZER_NUMBER_OBJECT_CONVERSION = YES_AGGRESSIVE;
				CLANG_CXX_LANGUAGE_STANDARD = "gnu++14";
				CLANG_CXX_LIBRARY = "libc++";
				CLANG_ENABLE_MODULES = YES;
				CLANG_ENABLE_OBJC_ARC = YES;
				CLANG_ENABLE_OBJC_WEAK = YES;
				CLANG_WARN_BLOCK_CAPTURE_AUTORELEASING = YES;
				CLANG_WARN_BOOL_CONVERSION = YES;
				CLANG_WARN_COMMA = YES;
				CLANG_WARN_CONSTANT_CONVERSION = YES;
				CLANG_WARN_DEPRECATED_OBJC_IMPLEMENTATIONS = YES;
				CLANG_WARN_DIRECT_OBJC_ISA_USAGE = YES_ERROR;
				CLANG_WARN_DOCUMENTATION_COMMENTS = YES;
				CLANG_WARN_EMPTY_BODY = YES;
				CLANG_WARN_ENUM_CONVERSION = YES;
				CLANG_WARN_INFINITE_RECURSION = YES;
				CLANG_WARN_INT_CONVERSION = YES;
				CLANG_WARN_NON_LITERAL_NULL_CONVERSION = YES;
				CLANG_WARN_OBJC_IMPLICIT_RETAIN_SELF = YES;
				CLANG_WARN_OBJC_LITERAL_CONVERSION = YES;
				CLANG_WARN_OBJC_ROOT_CLASS = YES_ERROR;
				CLANG_WARN_RANGE_LOOP_ANALYSIS = YES;
				CLANG_WARN_STRICT_PROTOTYPES = YES;
				CLANG_WARN_SUSPICIOUS_MOVE = YES;
				CLANG_WARN_UNGUARDED_AVAILABILITY = YES_AGGRESSIVE;
				CLANG_WARN_UNREACHABLE_CODE = YES;
				CLANG_WARN__DUPLICATE_METHOD_MATCH = YES;
				CODE_SIGN_IDENTITY = "iPhone Developer";
				COPY_PHASE_STRIP = NO;
				DEBUG_INFORMATION_FORMAT = dwarf;
				ENABLE_STRICT_OBJC_MSGSEND = YES;
				ENABLE_TESTABILITY = YES;
				GCC_C_LANGUAGE_STANDARD = gnu11;
				GCC_DYNAMIC_NO_PIC = NO;
				GCC_NO_COMMON_BLOCKS = YES;
				GCC_OPTIMIZATION_LEVEL = 0;
				GCC_PREPROCESSOR_DEFINITIONS = (
					"DEBUG=1",
					"$(inherited)",
				);
				GCC_WARN_64_TO_32_BIT_CONVERSION = YES;
				GCC_WARN_ABOUT_RETURN_TYPE = YES_ERROR;
				GCC_WARN_UNDECLARED_SELECTOR = YES;
				GCC_WARN_UNINITIALIZED_AUTOS = YES_AGGRESSIVE;
				GCC_WARN_UNUSED_FUNCTION = YES;
				GCC_WARN_UNUSED_VARIABLE = YES;
				IPHONEOS_DEPLOYMENT_TARGET = 12.2;
				MTL_ENABLE_DEBUG_INFO = INCLUDE_SOURCE;
				MTL_FAST_MATH = YES;
				ONLY_ACTIVE_ARCH = YES;
				SDKROOT = iphoneos;
				SWIFT_ACTIVE_COMPILATION_CONDITIONS = DEBUG;
				SWIFT_OPTIMIZATION_LEVEL = "-Onone";
			};
			name = Debug;
		};
		EA575B5B226B0D6100889814 /* Release */ = {
			isa = XCBuildConfiguration;
			buildSettings = {
				ALWAYS_SEARCH_USER_PATHS = NO;
				CLANG_ANALYZER_NONNULL = YES;
				CLANG_ANALYZER_NUMBER_OBJECT_CONVERSION = YES_AGGRESSIVE;
				CLANG_CXX_LANGUAGE_STANDARD = "gnu++14";
				CLANG_CXX_LIBRARY = "libc++";
				CLANG_ENABLE_MODULES = YES;
				CLANG_ENABLE_OBJC_ARC = YES;
				CLANG_ENABLE_OBJC_WEAK = YES;
				CLANG_WARN_BLOCK_CAPTURE_AUTORELEASING = YES;
				CLANG_WARN_BOOL_CONVERSION = YES;
				CLANG_WARN_COMMA = YES;
				CLANG_WARN_CONSTANT_CONVERSION = YES;
				CLANG_WARN_DEPRECATED_OBJC_IMPLEMENTATIONS = YES;
				CLANG_WARN_DIRECT_OBJC_ISA_USAGE = YES_ERROR;
				CLANG_WARN_DOCUMENTATION_COMMENTS = YES;
				CLANG_WARN_EMPTY_BODY = YES;
				CLANG_WARN_ENUM_CONVERSION = YES;
				CLANG_WARN_INFINITE_RECURSION = YES;
				CLANG_WARN_INT_CONVERSION = YES;
				CLANG_WARN_NON_LITERAL_NULL_CONVERSION = YES;
				CLANG_WARN_OBJC_IMPLICIT_RETAIN_SELF = YES;
				CLANG_WARN_OBJC_LITERAL_CONVERSION = YES;
				CLANG_WARN_OBJC_ROOT_CLASS = YES_ERROR;
				CLANG_WARN_RANGE_LOOP_ANALYSIS = YES;
				CLANG_WARN_STRICT_PROTOTYPES = YES;
				CLANG_WARN_SUSPICIOUS_MOVE = YES;
				CLANG_WARN_UNGUARDED_AVAILABILITY = YES_AGGRESSIVE;
				CLANG_WARN_UNREACHABLE_CODE = YES;
				CLANG_WARN__DUPLICATE_METHOD_MATCH = YES;
				CODE_SIGN_IDENTITY = "iPhone Developer";
				COPY_PHASE_STRIP = NO;
				DEBUG_INFORMATION_FORMAT = "dwarf-with-dsym";
				ENABLE_NS_ASSERTIONS = NO;
				ENABLE_STRICT_OBJC_MSGSEND = YES;
				GCC_C_LANGUAGE_STANDARD = gnu11;
				GCC_NO_COMMON_BLOCKS = YES;
				GCC_WARN_64_TO_32_BIT_CONVERSION = YES;
				GCC_WARN_ABOUT_RETURN_TYPE = YES_ERROR;
				GCC_WARN_UNDECLARED_SELECTOR = YES;
				GCC_WARN_UNINITIALIZED_AUTOS = YES_AGGRESSIVE;
				GCC_WARN_UNUSED_FUNCTION = YES;
				GCC_WARN_UNUSED_VARIABLE = YES;
				IPHONEOS_DEPLOYMENT_TARGET = 12.2;
				MTL_ENABLE_DEBUG_INFO = NO;
				MTL_FAST_MATH = YES;
				SDKROOT = iphoneos;
				SWIFT_COMPILATION_MODE = wholemodule;
				SWIFT_OPTIMIZATION_LEVEL = "-O";
				VALIDATE_PRODUCT = YES;
			};
			name = Release;
		};
		EA575B5D226B0D6100889814 /* Debug */ = {
			isa = XCBuildConfiguration;
			baseConfigurationReference = 3B538EE5414505D6E776E420 /* Pods-Atomic Habits Running.debug.xcconfig */;
			buildSettings = {
				ASSETCATALOG_COMPILER_APPICON_NAME = AppIcon;
				CLANG_ENABLE_MODULES = YES;
				CODE_SIGN_STYLE = Automatic;
				DEVELOPMENT_TEAM = 5Q2RC6BSWM;
				INFOPLIST_FILE = "Atomic Habits Running/Info.plist";
				LD_RUNPATH_SEARCH_PATHS = (
					"$(inherited)",
					"@executable_path/Frameworks",
				);
				PRODUCT_BUNDLE_IDENTIFIER = "com.marekjustus.Atomic-Habits-Running";
				PRODUCT_NAME = "$(TARGET_NAME)";
				SWIFT_OBJC_BRIDGING_HEADER = "Atomic Habits Running/Controller/Atomic Habits Running-Bridging-Header.h";
				SWIFT_OPTIMIZATION_LEVEL = "-Onone";
				SWIFT_VERSION = 5.0;
				TARGETED_DEVICE_FAMILY = "1,2";
			};
			name = Debug;
		};
		EA575B5E226B0D6100889814 /* Release */ = {
			isa = XCBuildConfiguration;
			baseConfigurationReference = C78695FD0D6ACF6E5FBECF5F /* Pods-Atomic Habits Running.release.xcconfig */;
			buildSettings = {
				ASSETCATALOG_COMPILER_APPICON_NAME = AppIcon;
				CLANG_ENABLE_MODULES = YES;
				CODE_SIGN_STYLE = Automatic;
				DEVELOPMENT_TEAM = 5Q2RC6BSWM;
				INFOPLIST_FILE = "Atomic Habits Running/Info.plist";
				LD_RUNPATH_SEARCH_PATHS = (
					"$(inherited)",
					"@executable_path/Frameworks",
				);
				PRODUCT_BUNDLE_IDENTIFIER = "com.marekjustus.Atomic-Habits-Running";
				PRODUCT_NAME = "$(TARGET_NAME)";
				SWIFT_OBJC_BRIDGING_HEADER = "Atomic Habits Running/Controller/Atomic Habits Running-Bridging-Header.h";
				SWIFT_VERSION = 5.0;
				TARGETED_DEVICE_FAMILY = "1,2";
			};
			name = Release;
		};
/* End XCBuildConfiguration section */

/* Begin XCConfigurationList section */
		EA575B42226B0D5F00889814 /* Build configuration list for PBXProject "Atomic Habits Running" */ = {
			isa = XCConfigurationList;
			buildConfigurations = (
				EA575B5A226B0D6100889814 /* Debug */,
				EA575B5B226B0D6100889814 /* Release */,
			);
			defaultConfigurationIsVisible = 0;
			defaultConfigurationName = Release;
		};
		EA575B5C226B0D6100889814 /* Build configuration list for PBXNativeTarget "Atomic Habits Running" */ = {
			isa = XCConfigurationList;
			buildConfigurations = (
				EA575B5D226B0D6100889814 /* Debug */,
				EA575B5E226B0D6100889814 /* Release */,
			);
			defaultConfigurationIsVisible = 0;
			defaultConfigurationName = Release;
		};
/* End XCConfigurationList section */

/* Begin XCVersionGroup section */
		EA575B51226B0D5F00889814 /* Atomic_Habits_Running.xcdatamodeld */ = {
			isa = XCVersionGroup;
			children = (
				EA575B52226B0D5F00889814 /* Atomic_Habits_Running.xcdatamodel */,
			);
			currentVersion = EA575B52226B0D5F00889814 /* Atomic_Habits_Running.xcdatamodel */;
			path = Atomic_Habits_Running.xcdatamodeld;
			sourceTree = "<group>";
			versionGroupType = wrapper.xcdatamodel;
		};
/* End XCVersionGroup section */
	};
	rootObject = EA575B3F226B0D5F00889814 /* Project object */;
}
